{
    "_readme": [
        "This file locks the dependencies of your project to a known state",
        "Read more about it at http://getcomposer.org/doc/01-basic-usage.md#composer-lock-the-lock-file",
        "This file is @generated automatically"
    ],
    "hash": "1df73f4debb9b803bc7b3468ff6e8a76",
    "packages": [
        {
            "name": "guzzle/guzzle",
            "version": "v3.9.2",
            "source": {
                "type": "git",
                "url": "https://github.com/guzzle/guzzle3.git",
                "reference": "54991459675c1a2924122afbb0e5609ade581155"
            },
            "dist": {
                "type": "zip",
                "url": "https://api.github.com/repos/guzzle/guzzle3/zipball/54991459675c1a2924122afbb0e5609ade581155",
                "reference": "54991459675c1a2924122afbb0e5609ade581155",
                "shasum": ""
            },
            "require": {
                "ext-curl": "*",
                "php": ">=5.3.3",
                "symfony/event-dispatcher": "~2.1"
            },
            "replace": {
                "guzzle/batch": "self.version",
                "guzzle/cache": "self.version",
                "guzzle/common": "self.version",
                "guzzle/http": "self.version",
                "guzzle/inflection": "self.version",
                "guzzle/iterator": "self.version",
                "guzzle/log": "self.version",
                "guzzle/parser": "self.version",
                "guzzle/plugin": "self.version",
                "guzzle/plugin-async": "self.version",
                "guzzle/plugin-backoff": "self.version",
                "guzzle/plugin-cache": "self.version",
                "guzzle/plugin-cookie": "self.version",
                "guzzle/plugin-curlauth": "self.version",
                "guzzle/plugin-error-response": "self.version",
                "guzzle/plugin-history": "self.version",
                "guzzle/plugin-log": "self.version",
                "guzzle/plugin-md5": "self.version",
                "guzzle/plugin-mock": "self.version",
                "guzzle/plugin-oauth": "self.version",
                "guzzle/service": "self.version",
                "guzzle/stream": "self.version"
            },
            "require-dev": {
                "doctrine/cache": "~1.3",
                "monolog/monolog": "~1.0",
                "phpunit/phpunit": "3.7.*",
                "psr/log": "~1.0",
                "symfony/class-loader": "~2.1",
                "zendframework/zend-cache": "2.*,<2.3",
                "zendframework/zend-log": "2.*,<2.3"
            },
            "type": "library",
            "extra": {
                "branch-alias": {
                    "dev-master": "3.9-dev"
                }
            },
            "autoload": {
                "psr-0": {
                    "Guzzle": "src/",
                    "Guzzle\\Tests": "tests/"
                }
            },
            "notification-url": "https://packagist.org/downloads/",
            "license": [
                "MIT"
            ],
            "authors": [
                {
                    "name": "Michael Dowling",
                    "email": "mtdowling@gmail.com",
                    "homepage": "https://github.com/mtdowling"
                },
                {
                    "name": "Guzzle Community",
                    "homepage": "https://github.com/guzzle/guzzle/contributors"
                }
            ],
            "description": "Guzzle is a PHP HTTP client library and framework for building RESTful web service clients",
            "homepage": "http://guzzlephp.org/",
            "keywords": [
                "client",
                "curl",
                "framework",
                "http",
                "http client",
                "rest",
                "web service"
            ],
            "time": "2014-08-11 04:32:36"
        },
        {
            "name": "mailgun/mailgun-php",
            "version": "v1.7.2",
            "source": {
                "type": "git",
                "url": "https://github.com/mailgun/mailgun-php.git",
                "reference": "45ec0c8f3a2a6554b4987e97889f44991e4f75b4"
            },
            "dist": {
                "type": "zip",
                "url": "https://api.github.com/repos/mailgun/mailgun-php/zipball/45ec0c8f3a2a6554b4987e97889f44991e4f75b4",
                "reference": "45ec0c8f3a2a6554b4987e97889f44991e4f75b4",
                "shasum": ""
            },
            "require": {
                "guzzle/guzzle": "<4.0,>=3.8"
            },
            "require-dev": {
                "phpunit/phpunit": "3.7.*"
            },
            "type": "library",
            "autoload": {
                "psr-0": {
                    "Mailgun\\Tests": "tests/",
                    "Mailgun": "src/"
                }
            },
            "notification-url": "https://packagist.org/downloads/",
            "license": [
                "MIT"
            ],
            "authors": [
                {
                    "name": "Travis Swientek",
                    "email": "travis@mailgunhq.com"
                }
            ],
            "description": "The Mailgun SDK provides methods for all API functions.",
            "time": "2014-11-19 22:31:03"
        },
        {
            "name": "simogeo/filemanager",
            "version": "v2.0.0",
            "source": {
                "type": "git",
                "url": "https://github.com/simogeo/Filemanager.git",
                "reference": "2d49d37dd5edb5c373d44ee4bd09fcfae15c52bc"
            },
            "dist": {
                "type": "zip",
                "url": "https://api.github.com/repos/simogeo/Filemanager/zipball/2d49d37dd5edb5c373d44ee4bd09fcfae15c52bc",
                "reference": "2d49d37dd5edb5c373d44ee4bd09fcfae15c52bc",
                "shasum": ""
            },
            "require": {
                "php": ">= 5.2.0"
            },
            "type": "project",
            "notification-url": "https://packagist.org/downloads/",
            "license": [
                "MIT"
            ],
            "authors": [
                {
                    "name": "Simon Georget",
                    "email": "simon@linea21.com",
                    "homepage": "http://www.empreinte-urbaine.eu",
                    "role": "Developer"
                }
            ],
            "description": "An open-source file manager",
            "keywords": [
                "filemanager",
                "files",
                "images"
            ],
            "time": "2014-12-10 12:28:55"
        },
        {
            "name": "slim/slim",
            "version": "2.3.5",
            "source": {
                "type": "git",
                "url": "https://github.com/codeguy/Slim.git",
                "reference": "3dec4f9ee2e9c204a9f334afd72abc174c1b792e"
            },
            "dist": {
                "type": "zip",
                "url": "https://api.github.com/repos/codeguy/Slim/zipball/3dec4f9ee2e9c204a9f334afd72abc174c1b792e",
                "reference": "3dec4f9ee2e9c204a9f334afd72abc174c1b792e",
                "shasum": ""
            },
            "require": {
                "ext-mcrypt": "*",
                "php": ">=5.3.0"
            },
            "type": "library",
            "autoload": {
                "psr-0": {
                    "Slim": "."
                }
            },
            "notification-url": "https://packagist.org/downloads/",
            "license": [
                "MIT"
            ],
            "authors": [
                {
                    "name": "Josh Lockhart",
                    "email": "info@joshlockhart.com",
                    "homepage": "http://www.joshlockhart.com/"
                }
            ],
            "description": "Slim Framework, a PHP micro framework",
            "homepage": "http://github.com/codeguy/Slim",
            "keywords": [
                "microframework",
                "rest",
                "router"
            ],
            "time": "2013-10-31 02:05:09"
        },
        {
            "name": "slim/views",
            "version": "0.1.0",
            "target-dir": "Slim/Views",
            "source": {
                "type": "git",
                "url": "https://github.com/codeguy/Slim-Views.git",
                "reference": "d5eca1c0932aadf7255d83f3ed02ffc07c3c8297"
            },
            "dist": {
                "type": "zip",
                "url": "https://api.github.com/repos/codeguy/Slim-Views/zipball/d5eca1c0932aadf7255d83f3ed02ffc07c3c8297",
                "reference": "d5eca1c0932aadf7255d83f3ed02ffc07c3c8297",
                "shasum": ""
            },
            "require": {
                "php": ">=5.3.0",
                "slim/slim": ">=2.0.0"
            },
            "type": "library",
            "autoload": {
                "psr-0": {
                    "Slim\\Views": ""
                }
            },
            "notification-url": "https://packagist.org/downloads/",
            "license": [
                "MIT"
            ],
            "authors": [
                {
                    "name": "Andrew Smith",
                    "email": "a.smith@silentworks.co.uk",
                    "homepage": "http://www.silentworks.co.uk/"
                },
                {
                    "name": "Josh Lockhart",
                    "email": "info@joshlockhart.com",
                    "homepage": "http://www.joshlockhart.com/"
                }
            ],
            "description": "Twig View Parser package for the Slim Framework",
            "homepage": "http://github.com/codeguy/Slim-Views",
            "keywords": [
                "extensions",
                "slimphp",
                "templating"
            ],
            "time": "2013-07-10 07:34:17"
        },
        {
            "name": "symfony/event-dispatcher",
            "version": "v2.6.4",
            "target-dir": "Symfony/Component/EventDispatcher",
            "source": {
                "type": "git",
                "url": "https://github.com/symfony/EventDispatcher.git",
                "reference": "f75989f3ab2743a82fe0b03ded2598a2b1546813"
            },
            "dist": {
                "type": "zip",
                "url": "https://api.github.com/repos/symfony/EventDispatcher/zipball/f75989f3ab2743a82fe0b03ded2598a2b1546813",
                "reference": "f75989f3ab2743a82fe0b03ded2598a2b1546813",
                "shasum": ""
            },
            "require": {
                "php": ">=5.3.3"
            },
            "require-dev": {
                "psr/log": "~1.0",
                "symfony/config": "~2.0,>=2.0.5",
                "symfony/dependency-injection": "~2.6",
                "symfony/expression-language": "~2.6",
                "symfony/stopwatch": "~2.3"
            },
            "suggest": {
                "symfony/dependency-injection": "",
                "symfony/http-kernel": ""
            },
            "type": "library",
            "extra": {
                "branch-alias": {
                    "dev-master": "2.6-dev"
                }
            },
            "autoload": {
                "psr-0": {
                    "Symfony\\Component\\EventDispatcher\\": ""
                }
            },
            "notification-url": "https://packagist.org/downloads/",
            "license": [
                "MIT"
            ],
            "authors": [
                {
                    "name": "Symfony Community",
                    "homepage": "http://symfony.com/contributors"
                },
                {
                    "name": "Fabien Potencier",
                    "email": "fabien@symfony.com"
                }
            ],
            "description": "Symfony EventDispatcher Component",
            "homepage": "http://symfony.com",
            "time": "2015-02-01 16:10:57"
        },
        {
            "name": "twig/twig",
            "version": "v1.16.3",
            "source": {
                "type": "git",
                "url": "https://github.com/twigphp/Twig.git",
                "reference": "6dc11a1e8ecfc30e2c68aaeb218148409d8e68af"
            },
            "dist": {
                "type": "zip",
                "url": "https://api.github.com/repos/twigphp/Twig/zipball/6dc11a1e8ecfc30e2c68aaeb218148409d8e68af",
                "reference": "6dc11a1e8ecfc30e2c68aaeb218148409d8e68af",
                "shasum": ""
            },
            "require": {
                "php": ">=5.2.4"
            },
            "type": "library",
            "extra": {
                "branch-alias": {
                    "dev-master": "1.16-dev"
                }
            },
            "autoload": {
                "psr-0": {
                    "Twig_": "lib/"
                }
            },
            "notification-url": "https://packagist.org/downloads/",
            "license": [
                "BSD-3-Clause"
            ],
            "authors": [
                {
                    "name": "Fabien Potencier",
                    "email": "fabien@symfony.com",
                    "homepage": "http://fabien.potencier.org",
                    "role": "Lead Developer"
                },
                {
                    "name": "Armin Ronacher",
                    "email": "armin.ronacher@active-4.com",
                    "role": "Project Founder"
                },
                {
                    "name": "Twig Team",
                    "homepage": "http://twig.sensiolabs.org/contributors",
                    "role": "Contributors"
                }
            ],
            "description": "Twig, the flexible, fast, and secure template language for PHP",
            "homepage": "http://twig.sensiolabs.org",
            "keywords": [
                "templating"
            ],
            "time": "2014-12-25 19:58:19"
        }
    ],
    "packages-dev": [],
    "aliases": [],
    "minimum-stability": "stable",
    "stability-flags": {
        "twig/twig": 20
    },
    "prefer-stable": false,
    "prefer-lowest": false,
    "platform": {
        "php": ">=5.5.0"
    },
    "platform-dev": []
}
